
Microsoft Visual Studio Solution File, Format Version 12.00
# Visual Studio Version 17
VisualStudioVersion = 17.2.32616.157
MinimumVisualStudioVersion = 10.0.40219.1
Project("{FAE04EC0-301F-11D3-BF4B-00C04F79EFBC}") = "ogrencisistemi", "ogrencisistemi\ogrencisistemi.csproj", "{10CF42F1-4AA1-41F0-843E-945CD192438D}"
EndProject
Global
	GlobalSection(SolutionConfigurationPlatforms) = preSolution
		Debug|Any CPU = Debug|Any CPU
		Release|Any CPU = Release|Any CPU
	EndGlobalSection
	GlobalSection(ProjectConfigurationPlatforms) = postSolution
		{10CF42F1-4AA1-41F0-843E-945CD192438D}.Debug|Any CPU.ActiveCfg = Debug|Any CPU
		{10CF42F1-4AA1-41F0-843E-945CD192438D}.Debug|Any CPU.Build.0 = Debug|Any CPU
		{10CF42F1-4AA1-41F0-843E-945CD192438D}.Release|Any CPU.ActiveCfg = Release|Any CPU
		{10CF42F1-4AA1-41F0-843E-945CD192438D}.Release|Any CPU.Build.0 = Release|Any CPU
	EndGlobalSection
	GlobalSection(SolutionProperties) = preSolution
		HideSolutionNode = FALSE
	EndGlobalSection
	GlobalSection(ExtensibilityGlobals) = postSolution
		SolutionGuid = {5B385DF5-56D2-4F0F-B121-A8C2DC95646A}
	EndGlobalSection
EndGlobal
